Microsoft Visual Studio Solution File, Format Version 12.00
# Visual Studio Version 17
VisualStudioVersion = 17.13.35913.81
MinimumVisualStudioVersion = 10.0.40219.1
Project("{FAE04EC0-301F-11D3-BF4B-00C04F79EFBC}") = "GA_Optimizer", "GA_Optimizer\GA_Optimizer.csproj", "{8C703254-45C5-447C-B862-9F28FD0099AA}"
EndProject
Global
	GlobalSection(SolutionConfigurationPlatforms) = preSolution
		Debug|Any CPU = Debug|Any CPU
		Release|Any CPU = Release|Any CPU
	EndGlobalSection
	GlobalSection(ProjectConfigurationPlatforms) = postSolution
		{8C703254-45C5-447C-B862-9F28FD0099AA}.Debug|Any CPU.ActiveCfg = Debug|Any CPU
		{8C703254-45C5-447C-B862-9F28FD0099AA}.Debug|Any CPU.Build.0 = Debug|Any CPU
		{8C703254-45C5-447C-B862-9F28FD0099AA}.Release|Any CPU.ActiveCfg = Release|Any CPU
		{8C703254-45C5-447C-B862-9F28FD0099AA}.Release|Any CPU.Build.0 = Release|Any CPU
	EndGlobalSection
	GlobalSection(SolutionProperties) = preSolution
		HideSolutionNode = FALSE
	EndGlobalSection
	GlobalSection(ExtensibilityGlobals) = postSolution
		SolutionGuid = {BBC23FA8-2199-423A-AF88-DEED27D2CFF5}
	EndGlobalSection
EndGlobal
